
Microsoft Visual Studio Solution File, Format Version 12.00
# Visual Studio Version 16
VisualStudioVersion = 25.0.1703.6
MinimumVisualStudioVersion = 10.0.40219.1
Project("{FAE04EC0-301F-11D3-BF4B-00C04F79EFBC}") = "SampleEntityFramework", "SampleEntityFramework\SampleEntityFramework.csproj", "{B3716409-C048-4D3E-A06F-4EB55E73A02D}"
EndProject
Global
	GlobalSection(SolutionConfigurationPlatforms) = preSolution
		Debug|Any CPU = Debug|Any CPU
		Release|Any CPU = Release|Any CPU
	EndGlobalSection
	GlobalSection(ProjectConfigurationPlatforms) = postSolution
		{B3716409-C048-4D3E-A06F-4EB55E73A02D}.Debug|Any CPU.ActiveCfg = Debug|Any CPU
		{B3716409-C048-4D3E-A06F-4EB55E73A02D}.Debug|Any CPU.Build.0 = Debug|Any CPU
		{B3716409-C048-4D3E-A06F-4EB55E73A02D}.Release|Any CPU.ActiveCfg = Release|Any CPU
		{B3716409-C048-4D3E-A06F-4EB55E73A02D}.Release|Any CPU.Build.0 = Release|Any CPU
	EndGlobalSection
	GlobalSection(SolutionProperties) = preSolution
		HideSolutionNode = FALSE
	EndGlobalSection
	GlobalSection(ExtensibilityGlobals) = postSolution
		SolutionGuid = {6E5922AC-E984-487F-A45D-A3CF2254ADEA}
	EndGlobalSection
EndGlobal
